// !$*UTF8*$!
{
	archiveVersion = 1;
	classes = {
	};
	objectVersion = 50;
	objects = {

/* Begin PBXBuildFile section */
		1689E286254B4C2700F4F449 /* AppDelegate.swift in Sources */ = {isa = PBXBuildFile; fileRef = 1689E285254B4C2700F4F449 /* AppDelegate.swift */; };
		1689E288254B4C2700F4F449 /* SceneDelegate.swift in Sources */ = {isa = PBXBuildFile; fileRef = 1689E287254B4C2700F4F449 /* SceneDelegate.swift */; };
		1689E28A254B4C2700F4F449 /* ViewController.swift in Sources */ = {isa = PBXBuildFile; fileRef = 1689E289254B4C2700F4F449 /* ViewController.swift */; };
		1689E28F254B4C2800F4F449 /* Assets.xcassets in Resources */ = {isa = PBXBuildFile; fileRef = 1689E28E254B4C2800F4F449 /* Assets.xcassets */; };
		1689E292254B4C2800F4F449 /* LaunchScreen.storyboard in Resources */ = {isa = PBXBuildFile; fileRef = 1689E290254B4C2800F4F449 /* LaunchScreen.storyboard */; };
		1689E29D254B4C2800F4F449 /* ExchangerTests.swift in Sources */ = {isa = PBXBuildFile; fileRef = 1689E29C254B4C2800F4F449 /* ExchangerTests.swift */; };
		1689E2A8254B4C2800F4F449 /* ExchangerUITests.swift in Sources */ = {isa = PBXBuildFile; fileRef = 1689E2A7254B4C2800F4F449 /* ExchangerUITests.swift */; };
/* End PBXBuildFile section */

/* Begin PBXContainerItemProxy section */
		1689E299254B4C2800F4F449 /* PBXContainerItemProxy */ = {
			isa = PBXContainerItemProxy;
			containerPortal = 1689E27A254B4C2700F4F449 /* Project object */;
			proxyType = 1;
			remoteGlobalIDString = 1689E281254B4C2700F4F449;
			remoteInfo = Exchanger;
		};
		1689E2A4254B4C2800F4F449 /* PBXContainerItemProxy */ = {
			isa = PBXContainerItemProxy;
			containerPortal = 1689E27A254B4C2700F4F449 /* Project object */;
			proxyType = 1;
			remoteGlobalIDString = 1689E281254B4C2700F4F449;
			remoteInfo = Exchanger;
		};
/* End PBXContainerItemProxy section */

/* Begin PBXFileReference section */
		1689E282254B4C2700F4F449 /* Exchanger.app */ = {isa = PBXFileReference; explicitFileType = wrapper.application; includeInIndex = 0; path = Exchanger.app; sourceTree = BUILT_PRODUCTS_DIR; };
		1689E285254B4C2700F4F449 /* AppDelegate.swift */ = {isa = PBXFileReference; lastKnownFileType = sourcecode.swift; path = AppDelegate.swift; sourceTree = "<group>"; };
		1689E287254B4C2700F4F449 /* SceneDelegate.swift */ = {isa = PBXFileReference; lastKnownFileType = sourcecode.swift; path = SceneDelegate.swift; sourceTree = "<group>"; };
		1689E289254B4C2700F4F449 /* ViewController.swift */ = {isa = PBXFileReference; lastKnownFileType = sourcecode.swift; path = ViewController.swift; sourceTree = "<group>"; };
		1689E28E254B4C2800F4F449 /* Assets.xcassets */ = {isa = PBXFileReference; lastKnownFileType = folder.assetcatalog; path = Assets.xcassets; sourceTree = "<group>"; };
		1689E291254B4C2800F4F449 /* Base */ = {isa = PBXFileReference; lastKnownFileType = file.storyboard; name = Base; path = Base.lproj/LaunchScreen.storyboard; sourceTree = "<group>"; };
		1689E293254B4C2800F4F449 /* Info.plist */ = {isa = PBXFileReference; lastKnownFileType = text.plist.xml; path = Info.plist; sourceTree = "<group>"; };
		1689E298254B4C2800F4F449 /* ExchangerTests.xctest */ = {isa = PBXFileReference; explicitFileType = wrapper.cfbundle; includeInIndex = 0; path = ExchangerTests.xctest; sourceTree = BUILT_PRODUCTS_DIR; };
		1689E29C254B4C2800F4F449 /* ExchangerTests.swift */ = {isa = PBXFileReference; lastKnownFileType = sourcecode.swift; path = ExchangerTests.swift; sourceTree = "<group>"; };
		1689E29E254B4C2800F4F449 /* Info.plist */ = {isa = PBXFileReference; lastKnownFileType = text.plist.xml; path = Info.plist; sourceTree = "<group>"; };
		1689E2A3254B4C2800F4F449 /* ExchangerUITests.xctest */ = {isa = PBXFileReference; explicitFileType = wrapper.cfbundle; includeInIndex = 0; path = ExchangerUITests.xctest; sourceTree = BUILT_PRODUCTS_DIR; };
		1689E2A7254B4C2800F4F449 /* ExchangerUITests.swift */ = {isa = PBXFileReference; lastKnownFileType = sourcecode.swift; path = ExchangerUITests.swift; sourceTree = "<group>"; };
		1689E2A9254B4C2800F4F449 /* Info.plist */ = {isa = PBXFileReference; lastKnownFileType = text.plist.xml; path = Info.plist; sourceTree = "<group>"; };
/* End PBXFileReference section */

/* Begin PBXFrameworksBuildPhase section */
		1689E27F254B4C2700F4F449 /* Frameworks */ = {
			isa = PBXFrameworksBuildPhase;
			buildActionMask = 2147483647;
			files = (
			);
			runOnlyForDeploymentPostprocessing = 0;
		};
		1689E295254B4C2800F4F449 /* Frameworks */ = {
			isa = PBXFrameworksBuildPhase;
			buildActionMask = 2147483647;
			files = (
			);
			runOnlyForDeploymentPostprocessing = 0;
		};
		1689E2A0254B4C2800F4F449 /* Frameworks */ = {
			isa = PBXFrameworksBuildPhase;
			buildActionMask = 2147483647;
			files = (
			);
			runOnlyForDeploymentPostprocessing = 0;
		};
/* End PBXFrameworksBuildPhase section */

/* Begin PBXGroup section */
		1689E279254B4C2700F4F449 = {
			isa = PBXGroup;
			children = (
				1689E284254B4C2700F4F449 /* Exchanger */,
				1689E29B254B4C2800F4F449 /* ExchangerTests */,
				1689E2A6254B4C2800F4F449 /* ExchangerUITests */,
				1689E283254B4C2700F4F449 /* Products */,
			);
			sourceTree = "<group>";
		};
		1689E283254B4C2700F4F449 /* Products */ = {
			isa = PBXGroup;
			children = (
				1689E282254B4C2700F4F449 /* Exchanger.app */,
				1689E298254B4C2800F4F449 /* ExchangerTests.xctest */,
				1689E2A3254B4C2800F4F449 /* ExchangerUITests.xctest */,
			);
			name = Products;
			sourceTree = "<group>";
		};
		1689E284254B4C2700F4F449 /* Exchanger */ = {
			isa = PBXGroup;
			children = (
				1689E285254B4C2700F4F449 /* AppDelegate.swift */,
				1689E287254B4C2700F4F449 /* SceneDelegate.swift */,
				1689E289254B4C2700F4F449 /* ViewController.swift */,
				1689E28E254B4C2800F4F449 /* Assets.xcassets */,
				1689E290254B4C2800F4F449 /* LaunchScreen.storyboard */,
				1689E293254B4C2800F4F449 /* Info.plist */,
			);
			path = Exchanger;
			sourceTree = "<group>";
		};
		1689E29B254B4C2800F4F449 /* ExchangerTests */ = {
			isa = PBXGroup;
			children = (
				1689E29C254B4C2800F4F449 /* ExchangerTests.swift */,
				1689E29E254B4C2800F4F449 /* Info.plist */,
			);
			path = ExchangerTests;
			sourceTree = "<group>";
		};
		1689E2A6254B4C2800F4F449 /* ExchangerUITests */ = {
			isa = PBXGroup;
			children = (
				1689E2A7254B4C2800F4F449 /* ExchangerUITests.swift */,
				1689E2A9254B4C2800F4F449 /* Info.plist */,
			);
			path = ExchangerUITests;
			sourceTree = "<group>";
		};
/* End PBXGroup section */

/* Begin PBXNativeTarget section */
		1689E281254B4C2700F4F449 /* Exchanger */ = {
			isa = PBXNativeTarget;
			buildConfigurationList = 1689E2AC254B4C2800F4F449 /* Build configuration list for PBXNativeTarget "Exchanger" */;
			buildPhases = (
				1689E27E254B4C2700F4F449 /* Sources */,
				1689E27F254B4C2700F4F449 /* Frameworks */,
				1689E280254B4C2700F4F449 /* Resources */,
				16765DAF254B4E3C00A67E3C /* ShellScript */,
			);
			buildRules = (
			);
			dependencies = (
			);
			name = Exchanger;
			productName = Exchanger;
			productReference = 1689E282254B4C2700F4F449 /* Exchanger.app */;
			productType = "com.apple.product-type.application";
		};
		1689E297254B4C2800F4F449 /* ExchangerTests */ = {
			isa = PBXNativeTarget;
			buildConfigurationList = 1689E2AF254B4C2800F4F449 /* Build configuration list for PBXNativeTarget "ExchangerTests" */;
			buildPhases = (
				1689E294254B4C2800F4F449 /* Sources */,
				1689E295254B4C2800F4F449 /* Frameworks */,
				1689E296254B4C2800F4F449 /* Resources */,
			);
			buildRules = (
			);
			dependencies = (
				1689E29A254B4C2800F4F449 /* PBXTargetDependency */,
			);
			name = ExchangerTests;
			productName = ExchangerTests;
			productReference = 1689E298254B4C2800F4F449 /* ExchangerTests.xctest */;
			productType = "com.apple.product-type.bundle.unit-test";
		};
		1689E2A2254B4C2800F4F449 /* ExchangerUITests */ = {
			isa = PBXNativeTarget;
			buildConfigurationList = 1689E2B2254B4C2800F4F449 /* Build configuration list for PBXNativeTarget "ExchangerUITests" */;
			buildPhases = (
				1689E29F254B4C2800F4F449 /* Sources */,
				1689E2A0254B4C2800F4F449 /* Frameworks */,
				1689E2A1254B4C2800F4F449 /* Resources */,
			);
			buildRules = (
			);
			dependencies = (
				1689E2A5254B4C2800F4F449 /* PBXTargetDependency */,
			);
			name = ExchangerUITests;
			productName = ExchangerUITests;
			productReference = 1689E2A3254B4C2800F4F449 /* ExchangerUITests.xctest */;
			productType = "com.apple.product-type.bundle.ui-testing";
		};
/* End PBXNativeTarget section */

/* Begin PBXProject section */
		1689E27A254B4C2700F4F449 /* Project object */ = {
			isa = PBXProject;
			attributes = {
				LastSwiftUpdateCheck = 1210;
				LastUpgradeCheck = 1210;
				TargetAttributes = {
					1689E281254B4C2700F4F449 = {
						CreatedOnToolsVersion = 12.1;
					};
					1689E297254B4C2800F4F449 = {
						CreatedOnToolsVersion = 12.1;
						TestTargetID = 1689E281254B4C2700F4F449;
					};
					1689E2A2254B4C2800F4F449 = {
						CreatedOnToolsVersion = 12.1;
						TestTargetID = 1689E281254B4C2700F4F449;
					};
				};
			};
			buildConfigurationList = 1689E27D254B4C2700F4F449 /* Build configuration list for PBXProject "Exchanger" */;
			compatibilityVersion = "Xcode 9.3";
			developmentRegion = en;
			hasScannedForEncodings = 0;
			knownRegions = (
				en,
				Base,
			);
			mainGroup = 1689E279254B4C2700F4F449;
			productRefGroup = 1689E283254B4C2700F4F449 /* Products */;
			projectDirPath = "";
			projectRoot = "";
			targets = (
				1689E281254B4C2700F4F449 /* Exchanger */,
				1689E297254B4C2800F4F449 /* ExchangerTests */,
				1689E2A2254B4C2800F4F449 /* ExchangerUITests */,
			);
		};
/* End PBXProject section */

/* Begin PBXResourcesBuildPhase section */
		1689E280254B4C2700F4F449 /* Resources */ = {
			isa = PBXResourcesBuildPhase;
			buildActionMask = 2147483647;
			files = (
				1689E292254B4C2800F4F449 /* LaunchScreen.storyboard in Resources */,
				1689E28F254B4C2800F4F449 /* Assets.xcassets in Resources */,
			);
			runOnlyForDeploymentPostprocessing = 0;
		};
		1689E296254B4C2800F4F449 /* Resources */ = {
			isa = PBXResourcesBuildPhase;
			buildActionMask = 2147483647;
			files = (
			);
			runOnlyForDeploymentPostprocessing = 0;
		};
		1689E2A1254B4C2800F4F449 /* Resources */ = {
			isa = PBXResourcesBuildPhase;
			buildActionMask = 2147483647;
			files = (
			);
			runOnlyForDeploymentPostprocessing = 0;
		};
/* End PBXResourcesBuildPhase section */

/* Begin PBXShellScriptBuildPhase section */
		16765DAF254B4E3C00A67E3C /* ShellScript */ = {
			isa = PBXShellScriptBuildPhase;
			buildActionMask = 2147483647;
			files = (
			);
			inputFileListPaths = (
			);
			inputPaths = (
			);
			outputFileListPaths = (
			);
			outputPaths = (
			);
			runOnlyForDeploymentPostprocessing = 0;
			shellPath = /bin/sh;
			shellScript = "if which swiftlint >/dev/null; then\n  swiftlint\nelse\n  echo \"warning: SwiftLint not installed, download from https://github.com/realm/SwiftLint\"\nfi\n";
		};
/* End PBXShellScriptBuildPhase section */

/* Begin PBXSourcesBuildPhase section */
		1689E27E254B4C2700F4F449 /* Sources */ = {
			isa = PBXSourcesBuildPhase;
			buildActionMask = 2147483647;
			files = (
				1689E28A254B4C2700F4F449 /* ViewController.swift in Sources */,
				1689E286254B4C2700F4F449 /* AppDelegate.swift in Sources */,
				1689E288254B4C2700F4F449 /* SceneDelegate.swift in Sources */,
			);
			runOnlyForDeploymentPostprocessing = 0;
		};
		1689E294254B4C2800F4F449 /* Sources */ = {
			isa = PBXSourcesBuildPhase;
			buildActionMask = 2147483647;
			files = (
				1689E29D254B4C2800F4F449 /* ExchangerTests.swift in Sources */,
			);
			runOnlyForDeploymentPostprocessing = 0;
		};
		1689E29F254B4C2800F4F449 /* Sources */ = {
			isa = PBXSourcesBuildPhase;
			buildActionMask = 2147483647;
			files = (
				1689E2A8254B4C2800F4F449 /* ExchangerUITests.swift in Sources */,
			);
			runOnlyForDeploymentPostprocessing = 0;
		};
/* End PBXSourcesBuildPhase section */

/* Begin PBXTargetDependency section */
		1689E29A254B4C2800F4F449 /* PBXTargetDependency */ = {
			isa = PBXTargetDependency;
			target = 1689E281254B4C2700F4F449 /* Exchanger */;
			targetProxy = 1689E299254B4C2800F4F449 /* PBXContainerItemProxy */;
		};
		1689E2A5254B4C2800F4F449 /* PBXTargetDependency */ = {
			isa = PBXTargetDependency;
			target = 1689E281254B4C2700F4F449 /* Exchanger */;
			targetProxy = 1689E2A4254B4C2800F4F449 /* PBXContainerItemProxy */;
		};
/* End PBXTargetDependency section */

/* Begin PBXVariantGroup section */
		1689E290254B4C2800F4F449 /* LaunchScreen.storyboard */ = {
			isa = PBXVariantGroup;
			children = (
				1689E291254B4C2800F4F449 /* Base */,
			);
			name = LaunchScreen.storyboard;
			sourceTree = "<group>";
		};
/* End PBXVariantGroup section */

/* Begin XCBuildConfiguration section */
		1689E2AA254B4C2800F4F449 /* Debug */ = {
			isa = XCBuildConfiguration;
			buildSettings = {
				ALWAYS_SEARCH_USER_PATHS = NO;
				CLANG_ANALYZER_NONNULL = YES;
				CLANG_ANALYZER_NUMBER_OBJECT_CONVERSION = YES_AGGRESSIVE;
				CLANG_CXX_LANGUAGE_STANDARD = "gnu++14";
				CLANG_CXX_LIBRARY = "libc++";
				CLANG_ENABLE_MODULES = YES;
				CLANG_ENABLE_OBJC_ARC = YES;
				CLANG_ENABLE_OBJC_WEAK = YES;
				CLANG_WARN_BLOCK_CAPTURE_AUTORELEASING = YES;
				CLANG_WARN_BOOL_CONVERSION = YES;
				CLANG_WARN_COMMA = YES;
				CLANG_WARN_CONSTANT_CONVERSION = YES;
				CLANG_WARN_DEPRECATED_OBJC_IMPLEMENTATIONS = YES;
				CLANG_WARN_DIRECT_OBJC_ISA_USAGE = YES_ERROR;
				CLANG_WARN_DOCUMENTATION_COMMENTS = YES;
				CLANG_WARN_EMPTY_BODY = YES;
				CLANG_WARN_ENUM_CONVERSION = YES;
				CLANG_WARN_INFINITE_RECURSION = YES;
				CLANG_WARN_INT_CONVERSION = YES;
				CLANG_WARN_NON_LITERAL_NULL_CONVERSION = YES;
				CLANG_WARN_OBJC_IMPLICIT_RETAIN_SELF = YES;
				CLANG_WARN_OBJC_LITERAL_CONVERSION = YES;
				CLANG_WARN_OBJC_ROOT_CLASS = YES_ERROR;
				CLANG_WARN_QUOTED_INCLUDE_IN_FRAMEWORK_HEADER = YES;
				CLANG_WARN_RANGE_LOOP_ANALYSIS = YES;
				CLANG_WARN_STRICT_PROTOTYPES = YES;
				CLANG_WARN_SUSPICIOUS_MOVE = YES;
				CLANG_WARN_UNGUARDED_AVAILABILITY = YES_AGGRESSIVE;
				CLANG_WARN_UNREACHABLE_CODE = YES;
				CLANG_WARN__DUPLICATE_METHOD_MATCH = YES;
				COPY_PHASE_STRIP = NO;
				DEBUG_INFORMATION_FORMAT = dwarf;
				ENABLE_STRICT_OBJC_MSGSEND = YES;
				ENABLE_TESTABILITY = YES;
				GCC_C_LANGUAGE_STANDARD = gnu11;
				GCC_DYNAMIC_NO_PIC = NO;
				GCC_NO_COMMON_BLOCKS = YES;
				GCC_OPTIMIZATION_LEVEL = 0;
				GCC_PREPROCESSOR_DEFINITIONS = (
					"DEBUG=1",
					"$(inherited)",
				);
				GCC_WARN_64_TO_32_BIT_CONVERSION = YES;
				GCC_WARN_ABOUT_RETURN_TYPE = YES_ERROR;
				GCC_WARN_UNDECLARED_SELECTOR = YES;
				GCC_WARN_UNINITIALIZED_AUTOS = YES_AGGRESSIVE;
				GCC_WARN_UNUSED_FUNCTION = YES;
				GCC_WARN_UNUSED_VARIABLE = YES;
				IPHONEOS_DEPLOYMENT_TARGET = 14.1;
				MTL_ENABLE_DEBUG_INFO = INCLUDE_SOURCE;
				MTL_FAST_MATH = YES;
				ONLY_ACTIVE_ARCH = YES;
				SDKROOT = iphoneos;
				SWIFT_ACTIVE_COMPILATION_CONDITIONS = DEBUG;
				SWIFT_OPTIMIZATION_LEVEL = "-Onone";
			};
			name = Debug;
		};
		1689E2AB254B4C2800F4F449 /* Release */ = {
			isa = XCBuildConfiguration;
			buildSettings = {
				ALWAYS_SEARCH_USER_PATHS = NO;
				CLANG_ANALYZER_NONNULL = YES;
				CLANG_ANALYZER_NUMBER_OBJECT_CONVERSION = YES_AGGRESSIVE;
				CLANG_CXX_LANGUAGE_STANDARD = "gnu++14";
				CLANG_CXX_LIBRARY = "libc++";
				CLANG_ENABLE_MODULES = YES;
				CLANG_ENABLE_OBJC_ARC = YES;
				CLANG_ENABLE_OBJC_WEAK = YES;
				CLANG_WARN_BLOCK_CAPTURE_AUTORELEASING = YES;
				CLANG_WARN_BOOL_CONVERSION = YES;
				CLANG_WARN_COMMA = YES;
				CLANG_WARN_CONSTANT_CONVERSION = YES;
				CLANG_WARN_DEPRECATED_OBJC_IMPLEMENTATIONS = YES;
				CLANG_WARN_DIRECT_OBJC_ISA_USAGE = YES_ERROR;
				CLANG_WARN_DOCUMENTATION_COMMENTS = YES;
				CLANG_WARN_EMPTY_BODY = YES;
				CLANG_WARN_ENUM_CONVERSION = YES;
				CLANG_WARN_INFINITE_RECURSION = YES;
				CLANG_WARN_INT_CONVERSION = YES;
				CLANG_WARN_NON_LITERAL_NULL_CONVERSION = YES;
				CLANG_WARN_OBJC_IMPLICIT_RETAIN_SELF = YES;
				CLANG_WARN_OBJC_LITERAL_CONVERSION = YES;
				CLANG_WARN_OBJC_ROOT_CLASS = YES_ERROR;
				CLANG_WARN_QUOTED_INCLUDE_IN_FRAMEWORK_HEADER = YES;
				CLANG_WARN_RANGE_LOOP_ANALYSIS = YES;
				CLANG_WARN_STRICT_PROTOTYPES = YES;
				CLANG_WARN_SUSPICIOUS_MOVE = YES;
				CLANG_WARN_UNGUARDED_AVAILABILITY = YES_AGGRESSIVE;
				CLANG_WARN_UNREACHABLE_CODE = YES;
				CLANG_WARN__DUPLICATE_METHOD_MATCH = YES;
				COPY_PHASE_STRIP = NO;
				DEBUG_INFORMATION_FORMAT = "dwarf-with-dsym";
				ENABLE_NS_ASSERTIONS = NO;
				ENABLE_STRICT_OBJC_MSGSEND = YES;
				GCC_C_LANGUAGE_STANDARD = gnu11;
				GCC_NO_COMMON_BLOCKS = YES;
				GCC_WARN_64_TO_32_BIT_CONVERSION = YES;
				GCC_WARN_ABOUT_RETURN_TYPE = YES_ERROR;
				GCC_WARN_UNDECLARED_SELECTOR = YES;
				GCC_WARN_UNINITIALIZED_AUTOS = YES_AGGRESSIVE;
				GCC_WARN_UNUSED_FUNCTION = YES;
				GCC_WARN_UNUSED_VARIABLE = YES;
				IPHONEOS_DEPLOYMENT_TARGET = 14.1;
				MTL_ENABLE_DEBUG_INFO = NO;
				MTL_FAST_MATH = YES;
				SDKROOT = iphoneos;
				SWIFT_COMPILATION_MODE = wholemodule;
				SWIFT_OPTIMIZATION_LEVEL = "-O";
				VALIDATE_PRODUCT = YES;
			};
			name = Release;
		};
		1689E2AD254B4C2800F4F449 /* Debug */ = {
			isa = XCBuildConfiguration;
			buildSettings = {
				ASSETCATALOG_COMPILER_APPICON_NAME = AppIcon;
				ASSETCATALOG_COMPILER_GLOBAL_ACCENT_COLOR_NAME = AccentColor;
				CODE_SIGN_STYLE = Automatic;
				DEVELOPMENT_TEAM = 9AB3Z82UPH;
				INFOPLIST_FILE = Exchanger/Info.plist;
				LD_RUNPATH_SEARCH_PATHS = (
					"$(inherited)",
					"@executable_path/Frameworks",
				);
				PRODUCT_BUNDLE_IDENTIFIER = qyzdo.Exchanger;
				PRODUCT_NAME = "$(TARGET_NAME)";
				SWIFT_VERSION = 5.0;
				TARGETED_DEVICE_FAMILY = "1,2";
			};
			name = Debug;
		};
		1689E2AE254B4C2800F4F449 /* Release */ = {
			isa = XCBuildConfiguration;
			buildSettings = {
				ASSETCATALOG_COMPILER_APPICON_NAME = AppIcon;
				ASSETCATALOG_COMPILER_GLOBAL_ACCENT_COLOR_NAME = AccentColor;
				CODE_SIGN_STYLE = Automatic;
				DEVELOPMENT_TEAM = 9AB3Z82UPH;
				INFOPLIST_FILE = Exchanger/Info.plist;
				LD_RUNPATH_SEARCH_PATHS = (
					"$(inherited)",
					"@executable_path/Frameworks",
				);
				PRODUCT_BUNDLE_IDENTIFIER = qyzdo.Exchanger;
				PRODUCT_NAME = "$(TARGET_NAME)";
				SWIFT_VERSION = 5.0;
				TARGETED_DEVICE_FAMILY = "1,2";
			};
			name = Release;
		};
		1689E2B0254B4C2800F4F449 /* Debug */ = {
			isa = XCBuildConfiguration;
			buildSettings = {
				ALWAYS_EMBED_SWIFT_STANDARD_LIBRARIES = YES;
				BUNDLE_LOADER = "$(TEST_HOST)";
				CODE_SIGN_STYLE = Automatic;
				DEVELOPMENT_TEAM = 9AB3Z82UPH;
				INFOPLIST_FILE = ExchangerTests/Info.plist;
				IPHONEOS_DEPLOYMENT_TARGET = 14.1;
				LD_RUNPATH_SEARCH_PATHS = (
					"$(inherited)",
					"@executable_path/Frameworks",
					"@loader_path/Frameworks",
				);
				PRODUCT_BUNDLE_IDENTIFIER = qyzdo.ExchangerTests;
				PRODUCT_NAME = "$(TARGET_NAME)";
				SWIFT_VERSION = 5.0;
				TARGETED_DEVICE_FAMILY = "1,2";
				TEST_HOST = "$(BUILT_PRODUCTS_DIR)/Exchanger.app/Exchanger";
			};
			name = Debug;
		};
		1689E2B1254B4C2800F4F449 /* Release */ = {
			isa = XCBuildConfiguration;
			buildSettings = {
				ALWAYS_EMBED_SWIFT_STANDARD_LIBRARIES = YES;
				BUNDLE_LOADER = "$(TEST_HOST)";
				CODE_SIGN_STYLE = Automatic;
				DEVELOPMENT_TEAM = 9AB3Z82UPH;
				INFOPLIST_FILE = ExchangerTests/Info.plist;
				IPHONEOS_DEPLOYMENT_TARGET = 14.1;
				LD_RUNPATH_SEARCH_PATHS = (
					"$(inherited)",
					"@executable_path/Frameworks",
					"@loader_path/Frameworks",
				);
				PRODUCT_BUNDLE_IDENTIFIER = qyzdo.ExchangerTests;
				PRODUCT_NAME = "$(TARGET_NAME)";
				SWIFT_VERSION = 5.0;
				TARGETED_DEVICE_FAMILY = "1,2";
				TEST_HOST = "$(BUILT_PRODUCTS_DIR)/Exchanger.app/Exchanger";
			};
			name = Release;
		};
		1689E2B3254B4C2800F4F449 /* Debug */ = {
			isa = XCBuildConfiguration;
			buildSettings = {
				ALWAYS_EMBED_SWIFT_STANDARD_LIBRARIES = YES;
				CODE_SIGN_STYLE = Automatic;
				DEVELOPMENT_TEAM = 9AB3Z82UPH;
				INFOPLIST_FILE = ExchangerUITests/Info.plist;
				LD_RUNPATH_SEARCH_PATHS = (
					"$(inherited)",
					"@executable_path/Frameworks",
					"@loader_path/Frameworks",
				);
				PRODUCT_BUNDLE_IDENTIFIER = qyzdo.ExchangerUITests;
				PRODUCT_NAME = "$(TARGET_NAME)";
				SWIFT_VERSION = 5.0;
				TARGETED_DEVICE_FAMILY = "1,2";
				TEST_TARGET_NAME = Exchanger;
			};
			name = Debug;
		};
		1689E2B4254B4C2800F4F449 /* Release */ = {
			isa = XCBuildConfiguration;
			buildSettings = {
				ALWAYS_EMBED_SWIFT_STANDARD_LIBRARIES = YES;
				CODE_SIGN_STYLE = Automatic;
				DEVELOPMENT_TEAM = 9AB3Z82UPH;
				INFOPLIST_FILE = ExchangerUITests/Info.plist;
				LD_RUNPATH_SEARCH_PATHS = (
					"$(inherited)",
					"@executable_path/Frameworks",
					"@loader_path/Frameworks",
				);
				PRODUCT_BUNDLE_IDENTIFIER = qyzdo.ExchangerUITests;
				PRODUCT_NAME = "$(TARGET_NAME)";
				SWIFT_VERSION = 5.0;
				TARGETED_DEVICE_FAMILY = "1,2";
				TEST_TARGET_NAME = Exchanger;
			};
			name = Release;
		};
/* End XCBuildConfiguration section */

/* Begin XCConfigurationList section */
		1689E27D254B4C2700F4F449 /* Build configuration list for PBXProject "Exchanger" */ = {
			isa = XCConfigurationList;
			buildConfigurations = (
				1689E2AA254B4C2800F4F449 /* Debug */,
				1689E2AB254B4C2800F4F449 /* Release */,
			);
			defaultConfigurationIsVisible = 0;
			defaultConfigurationName = Release;
		};
		1689E2AC254B4C2800F4F449 /* Build configuration list for PBXNativeTarget "Exchanger" */ = {
			isa = XCConfigurationList;
			buildConfigurations = (
				1689E2AD254B4C2800F4F449 /* Debug */,
				1689E2AE254B4C2800F4F449 /* Release */,
			);
			defaultConfigurationIsVisible = 0;
			defaultConfigurationName = Release;
		};
		1689E2AF254B4C2800F4F449 /* Build configuration list for PBXNativeTarget "ExchangerTests" */ = {
			isa = XCConfigurationList;
			buildConfigurations = (
				1689E2B0254B4C2800F4F449 /* Debug */,
				1689E2B1254B4C2800F4F449 /* Release */,
			);
			defaultConfigurationIsVisible = 0;
			defaultConfigurationName = Release;
		};
		1689E2B2254B4C2800F4F449 /* Build configuration list for PBXNativeTarget "ExchangerUITests" */ = {
			isa = XCConfigurationList;
			buildConfigurations = (
				1689E2B3254B4C2800F4F449 /* Debug */,
				1689E2B4254B4C2800F4F449 /* Release */,
			);
			defaultConfigurationIsVisible = 0;
			defaultConfigurationName = Release;
		};
/* End XCConfigurationList section */
	};
	rootObject = 1689E27A254B4C2700F4F449 /* Project object */;
}
